
Microsoft Visual Studio Solution File, Format Version 12.00
# Visual Studio Version 17
VisualStudioVersion = 17.7.33711.374
MinimumVisualStudioVersion = 10.0.40219.1
Project("{FAE04EC0-301F-11D3-BF4B-00C04F79EFBC}") = "SciDevHome", "SciDevHome\SciDevHome.csproj", "{D66B2F18-1F0F-4705-AB71-930732DE4812}"
EndProject
Project("{FAE04EC0-301F-11D3-BF4B-00C04F79EFBC}") = "SciDevHome.Server", "SciDevHome.Server\SciDevHome.Server.csproj", "{31928A77-9BB3-44EC-BCE7-17CC79C005EE}"
EndProject
Project("{FAE04EC0-301F-11D3-BF4B-00C04F79EFBC}") = "DevHome.Client.Test", "DevHome.Client.Test\DevHome.Client.Test.csproj", "{DF17F9E1-B608-4774-BF0D-B00BA2795D1E}"
EndProject
Global
	GlobalSection(SolutionConfigurationPlatforms) = preSolution
		Debug|Any CPU = Debug|Any CPU
		Release|Any CPU = Release|Any CPU
	EndGlobalSection
	GlobalSection(ProjectConfigurationPlatforms) = postSolution
		{D66B2F18-1F0F-4705-AB71-930732DE4812}.Debug|Any CPU.ActiveCfg = Debug|Any CPU
		{D66B2F18-1F0F-4705-AB71-930732DE4812}.Debug|Any CPU.Build.0 = Debug|Any CPU
		{D66B2F18-1F0F-4705-AB71-930732DE4812}.Release|Any CPU.ActiveCfg = Release|Any CPU
		{D66B2F18-1F0F-4705-AB71-930732DE4812}.Release|Any CPU.Build.0 = Release|Any CPU
		{31928A77-9BB3-44EC-BCE7-17CC79C005EE}.Debug|Any CPU.ActiveCfg = Debug|Any CPU
		{31928A77-9BB3-44EC-BCE7-17CC79C005EE}.Debug|Any CPU.Build.0 = Debug|Any CPU
		{31928A77-9BB3-44EC-BCE7-17CC79C005EE}.Release|Any CPU.ActiveCfg = Release|Any CPU
		{31928A77-9BB3-44EC-BCE7-17CC79C005EE}.Release|Any CPU.Build.0 = Release|Any CPU
		{DF17F9E1-B608-4774-BF0D-B00BA2795D1E}.Debug|Any CPU.ActiveCfg = Debug|Any CPU
		{DF17F9E1-B608-4774-BF0D-B00BA2795D1E}.Debug|Any CPU.Build.0 = Debug|Any CPU
		{DF17F9E1-B608-4774-BF0D-B00BA2795D1E}.Release|Any CPU.ActiveCfg = Release|Any CPU
		{DF17F9E1-B608-4774-BF0D-B00BA2795D1E}.Release|Any CPU.Build.0 = Release|Any CPU
	EndGlobalSection
	GlobalSection(SolutionProperties) = preSolution
		HideSolutionNode = FALSE
	EndGlobalSection
	GlobalSection(ExtensibilityGlobals) = postSolution
		SolutionGuid = {45476B8E-AA0C-44AC-9E81-549BCFFB2ECE}
	EndGlobalSection
EndGlobal
